<?xml version="1.0" encoding="utf-8"?>
<Project ToolsVersion="4.0" xmlns="http://schemas.microsoft.com/developer/msbuild/2003">
  <ItemGroup>
    <Filter Include="源文件">
      <UniqueIdentifier>{4FC737F1-C7A5-4376-A066-2A32D752A2FF}</UniqueIdentifier>
      <Extensions>cpp;c;cc;cxx;def;odl;idl;hpj;bat;asm;asmx</Extensions>
    </Filter>
    <Filter Include="头文件">
      <UniqueIdentifier>{93995380-89BD-4b04-88EB-625FBE52EBFB}</UniqueIdentifier>
      <Extensions>h;hh;hpp;hxx;hm;inl;inc;xsd</Extensions>
    </Filter>
    <Filter Include="资源文件">
      <UniqueIdentifier>{67DA6AB6-F800-4c08-8B7A-83BB121AAD01}</UniqueIdentifier>
      <Extensions>rc;ico;cur;bmp;dlg;rc2;rct;bin;rgs;gif;jpg;jpeg;jpe;resx;tiff;tif;png;wav;mfcribbon-ms</Extensions>
    </Filter>
    <Filter Include="utils">
      <UniqueIdentifier>{c6ce6415-cccf-4b13-ae5f-018b1ad43408}</UniqueIdentifier>
    </Filter>
  </ItemGroup>
  <ItemGroup>
    <ClCompile Include="testVideoCapture.cpp">
      <Filter>源文件</Filter>
    </ClCompile>
    <ClCompile Include="test1_loadShowOutputImage.cpp">
      <Filter>源文件</Filter>
    </ClCompile>
    <ClCompile Include="test2_CreateTrackbar.cpp">
      <Filter>源文件</Filter>
    </ClCompile>
    <ClCompile Include="test3_UseMouse.cpp">
      <Filter>源文件</Filter>
    </ClCompile>
    <ClCompile Include="test4_Mat.cpp">
      <Filter>源文件</Filter>
    </ClCompile>
    <ClCompile Include="test5_DrawImage.cpp">
      <Filter>源文件</Filter>
    </ClCompile>
    <ClCompile Include="test6_AccessPixel.cpp">
      <Filter>源文件</Filter>
    </ClCompile>
    <ClCompile Include="test7_waysToAccessPixel.cpp">
      <Filter>源文件</Filter>
    </ClCompile>
    <ClCompile Include="test8_ImageBlending.cpp">
      <Filter>源文件</Filter>
    </ClCompile>
    <ClCompile Include="test9_MultiChannelImageBlending.cpp">
      <Filter>源文件</Filter>
    </ClCompile>
    <ClCompile Include="testA_ChangeContrastAndBright.cpp">
      <Filter>源文件</Filter>
    </ClCompile>
    <ClCompile Include="testB_DFT.cpp">
      <Filter>源文件</Filter>
    </ClCompile>
    <ClCompile Include="testC_write_XML_and_YAML_file.cpp">
      <Filter>源文件</Filter>
    </ClCompile>
    <ClCompile Include="testD_Read_XML_and_YAML_File.cpp">
      <Filter>源文件</Filter>
    </ClCompile>
    <ClCompile Include="testE_Filters.cpp">
      <Filter>源文件</Filter>
    </ClCompile>
    <ClCompile Include="testF_floodFill.cpp">
      <Filter>源文件</Filter>
    </ClCompile>
    <ClCompile Include="testG_PyrAndResize.cpp">
      <Filter>源文件</Filter>
    </ClCompile>
    <ClCompile Include="testH_threshold.cpp">
      <Filter>源文件</Filter>
    </ClCompile>
    <ClCompile Include="testI_EdgeDetection.cpp">
      <Filter>源文件</Filter>
    </ClCompile>
    <ClCompile Include="testJ_HoughLines.cpp">
      <Filter>源文件</Filter>
    </ClCompile>
    <ClCompile Include="testK_remap.cpp">
      <Filter>源文件</Filter>
    </ClCompile>
    <ClCompile Include="testL_FindContours.cpp">
      <Filter>源文件</Filter>
    </ClCompile>
    <ClCompile Include="testM_FindAndDrawContours.cpp">
      <Filter>源文件</Filter>
    </ClCompile>
    <ClCompile Include="testN_convexHull.cpp">
      <Filter>源文件</Filter>
    </ClCompile>
    <ClCompile Include="testO_convexHull2.cpp">
      <Filter>源文件</Filter>
    </ClCompile>
    <ClCompile Include="testP_minAreaRect.cpp">
      <Filter>源文件</Filter>
    </ClCompile>
    <ClCompile Include="testQ_minEnclosingCircle.cpp">
      <Filter>源文件</Filter>
    </ClCompile>
    <ClCompile Include="testR_approxPolyDP.cpp">
      <Filter>源文件</Filter>
    </ClCompile>
    <ClCompile Include="testS_ContourMoment.cpp">
      <Filter>源文件</Filter>
    </ClCompile>
    <ClCompile Include="testK_AffineTransform.cpp">
      <Filter>源文件</Filter>
    </ClCompile>
    <ClCompile Include="2rotation.cpp">
      <Filter>源文件</Filter>
    </ClCompile>
    <ClCompile Include="0myFindContours.cpp">
      <Filter>源文件</Filter>
    </ClCompile>
    <ClCompile Include="testT_improveImage.cpp">
      <Filter>源文件</Filter>
    </ClCompile>
    <ClCompile Include="putText.cpp">
      <Filter>utils</Filter>
    </ClCompile>
    <ClCompile Include="changing_contrast_brightness_image.cpp">
      <Filter>源文件</Filter>
    </ClCompile>
    <ClCompile Include="testMorphologyEx.cpp">
      <Filter>源文件</Filter>
    </ClCompile>
  </ItemGroup>
  <ItemGroup>
    <ClInclude Include="putText.h">
      <Filter>utils</Filter>
    </ClInclude>
  </ItemGroup>
</Project>